
Microsoft Visual Studio Solution File, Format Version 12.00
# Visual Studio Version 16
VisualStudioVersion = 16.0.30611.23
MinimumVisualStudioVersion = 10.0.40219.1
Project("{FAE04EC0-301F-11D3-BF4B-00C04F79EFBC}") = "Delivery", "Delivery\Delivery.csproj", "{8B7776CF-67D9-4C3F-A44B-DCB12E28734A}"
EndProject
Global
	GlobalSection(SolutionConfigurationPlatforms) = preSolution
		Debug|Any CPU = Debug|Any CPU
		Release|Any CPU = Release|Any CPU
	EndGlobalSection
	GlobalSection(ProjectConfigurationPlatforms) = postSolution
		{8B7776CF-67D9-4C3F-A44B-DCB12E28734A}.Debug|Any CPU.ActiveCfg = Debug|Any CPU
		{8B7776CF-67D9-4C3F-A44B-DCB12E28734A}.Debug|Any CPU.Build.0 = Debug|Any CPU
		{8B7776CF-67D9-4C3F-A44B-DCB12E28734A}.Release|Any CPU.ActiveCfg = Release|Any CPU
		{8B7776CF-67D9-4C3F-A44B-DCB12E28734A}.Release|Any CPU.Build.0 = Release|Any CPU
	EndGlobalSection
	GlobalSection(SolutionProperties) = preSolution
		HideSolutionNode = FALSE
	EndGlobalSection
	GlobalSection(ExtensibilityGlobals) = postSolution
		SolutionGuid = {A85B57BA-72EB-46B4-9049-EA73E7492077}
	EndGlobalSection
EndGlobal
